<?xml version="1.0" encoding="utf-8"?>
<Project ToolsVersion="4.0" xmlns="http://schemas.microsoft.com/developer/msbuild/2003">
  <ItemGroup>
    <Filter Include="General">
      <UniqueIdentifier>{4FC737F1-C7A5-4376-A066-2A32D752A2FF}</UniqueIdentifier>
      <Extensions>cpp;c;cc;cxx;def;odl;idl;hpj;bat;asm;asmx</Extensions>
    </Filter>
    <Filter Include="Data">
      <UniqueIdentifier>{fb8bf250-19da-41bd-a804-13cbf29cf8d7}</UniqueIdentifier>
    </Filter>
    <Filter Include="Data\Shaders">
      <UniqueIdentifier>{152a50d7-ac74-4fcb-be0b-24d7186448a1}</UniqueIdentifier>
    </Filter>
    <Filter Include="Data\Shaders\glsl">
      <UniqueIdentifier>{7c3bf7bd-81ab-4262-b2b8-e86e8cc021ff}</UniqueIdentifier>
    </Filter>
  </ItemGroup>
  <ItemGroup>
    <ClCompile Include="Main\Game.cpp">
      <Filter>General</Filter>
    </ClCompile>
    <ClCompile Include="Main\GameCommon.cpp">
      <Filter>General</Filter>
    </ClCompile>
    <ClCompile Include="Main\Main_Win32.cpp">
      <Filter>General</Filter>
    </ClCompile>
    <ClCompile Include="Main\TheApp.cpp">
      <Filter>General</Filter>
    </ClCompile>
    <ClCompile Include="GameStates\Attract.cpp">
      <Filter>General</Filter>
    </ClCompile>
    <ClCompile Include="GameStates\Playing.cpp">
      <Filter>General</Filter>
    </ClCompile>
    <ClCompile Include="General\Tiles\Tile.cpp">
      <Filter>General</Filter>
    </ClCompile>
    <ClCompile Include="General\Tiles\TileDefinition.cpp">
      <Filter>General</Filter>
    </ClCompile>
    <ClCompile Include="GameStates\Loading.cpp">
      <Filter>General</Filter>
    </ClCompile>
    <ClCompile Include="General\Map.cpp">
      <Filter>General</Filter>
    </ClCompile>
    <ClCompile Include="General\GameObjects\Unit.cpp">
      <Filter>General</Filter>
    </ClCompile>
    <ClCompile Include="General\GameObjects\Building.cpp">
      <Filter>General</Filter>
    </ClCompile>
    <ClCompile Include="General\GameObjects\Cursor.cpp">
      <Filter>General</Filter>
    </ClCompile>
    <ClCompile Include="General\UI\UIWidget.cpp">
      <Filter>General</Filter>
    </ClCompile>
    <ClCompile Include="General\UI\Container.cpp">
      <Filter>General</Filter>
    </ClCompile>
    <ClCompile Include="General\ConsoleCommands.cpp">
      <Filter>General</Filter>
    </ClCompile>
    <ClCompile Include="General\UI\HUD.cpp">
      <Filter>General</Filter>
    </ClCompile>
    <ClCompile Include="General\Player\CommandingOfficer.cpp">
      <Filter>General</Filter>
    </ClCompile>
    <ClCompile Include="General\UI\UnitWidget.cpp">
      <Filter>General</Filter>
    </ClCompile>
    <ClCompile Include="General\GameHeatMap.cpp">
      <Filter>General</Filter>
    </ClCompile>
    <ClCompile Include="General\CombatLookUpTable.cpp">
      <Filter>General</Filter>
    </ClCompile>
    <ClCompile Include="Main\Playground.cpp">
      <Filter>General</Filter>
    </ClCompile>
    <ClCompile Include="General\COPower.cpp">
      <Filter>General</Filter>
    </ClCompile>
    <ClCompile Include="General\CommandingOfficerStats.cpp">
      <Filter>General</Filter>
    </ClCompile>
    <ClCompile Include="General\GameObjects\Effect.cpp">
      <Filter>General</Filter>
    </ClCompile>
  </ItemGroup>
  <ItemGroup>
    <ClInclude Include="Main\EngineBuildPreferences.hpp">
      <Filter>General</Filter>
    </ClInclude>
    <ClInclude Include="Main\Game.hpp">
      <Filter>General</Filter>
    </ClInclude>
    <ClInclude Include="Main\GameCommon.hpp">
      <Filter>General</Filter>
    </ClInclude>
    <ClInclude Include="Main\TheApp.hpp">
      <Filter>General</Filter>
    </ClInclude>
    <ClInclude Include="GameStates\Attract.hpp">
      <Filter>General</Filter>
    </ClInclude>
    <ClInclude Include="GameStates\Playing.hpp">
      <Filter>General</Filter>
    </ClInclude>
    <ClInclude Include="General\Tiles\Tile.hpp" />
    <ClInclude Include="General\Tiles\TileDefinition.hpp" />
    <ClInclude Include="GameStates\Loading.hpp" />
    <ClInclude Include="General\Map.hpp" />
    <ClInclude Include="General\GameObjects\Unit.hpp" />
    <ClInclude Include="General\GameObjects\Building.hpp" />
    <ClInclude Include="General\GameObjects\Cursor.hpp" />
    <ClInclude Include="General\UI\UIWidget.hpp" />
    <ClInclude Include="General\UI\Container.hpp" />
    <ClInclude Include="General\ConsoleCommands.hpp" />
    <ClInclude Include="General\UI\HUD.hpp" />
    <ClInclude Include="General\Player\CommandingOfficer.hpp" />
    <ClInclude Include="General\Player\Controller.hpp" />
    <ClInclude Include="General\Player\PlayerController.hpp" />
    <ClInclude Include="General\UI\UnitWidget.hpp" />
    <ClInclude Include="General\GameHeatMap.hpp" />
    <ClInclude Include="General\CombatLookUpTable.hpp" />
    <ClInclude Include="Main\Playground.hpp" />
    <ClInclude Include="General\CommandingOfficerStats.hpp" />
    <ClInclude Include="General\COPower.hpp" />
    <ClInclude Include="General\GameObjects\Effect.hpp" />
  </ItemGroup>
</Project>