<?xml version="1.0" encoding="utf-8"?>
<Project ToolsVersion="4.0" xmlns="http://schemas.microsoft.com/developer/msbuild/2003">
  <ItemGroup>
    <Filter Include="General">
      <UniqueIdentifier>{4FC737F1-C7A5-4376-A066-2A32D752A2FF}</UniqueIdentifier>
      <Extensions>cpp;c;cc;cxx;def;odl;idl;hpj;bat;asm;asmx</Extensions>
    </Filter>
    <Filter Include="Data">
      <UniqueIdentifier>{fb8bf250-19da-41bd-a804-13cbf29cf8d7}</UniqueIdentifier>
    </Filter>
    <Filter Include="Data\Shaders">
      <UniqueIdentifier>{152a50d7-ac74-4fcb-be0b-24d7186448a1}</UniqueIdentifier>
    </Filter>
    <Filter Include="Data\Shaders\glsl">
      <UniqueIdentifier>{7c3bf7bd-81ab-4262-b2b8-e86e8cc021ff}</UniqueIdentifier>
    </Filter>
  </ItemGroup>
  <ItemGroup>
    <ClCompile Include="Main\Game.cpp">
      <Filter>General</Filter>
    </ClCompile>
    <ClCompile Include="Main\GameCommon.cpp">
      <Filter>General</Filter>
    </ClCompile>
    <ClCompile Include="Main\Main_Win32.cpp">
      <Filter>General</Filter>
    </ClCompile>
    <ClCompile Include="Main\TheApp.cpp">
      <Filter>General</Filter>
    </ClCompile>
    <ClCompile Include="GameStates\Attract.cpp">
      <Filter>General</Filter>
    </ClCompile>
    <ClCompile Include="GameStates\Playing.cpp">
      <Filter>General</Filter>
    </ClCompile>
    <ClCompile Include="General\Tiles\Tile.cpp">
      <Filter>General</Filter>
    </ClCompile>
    <ClCompile Include="General\Tiles\TileDefinition.cpp">
      <Filter>General</Filter>
    </ClCompile>
    <ClCompile Include="SystemsAndTools\SpriteRendering.cpp">
      <Filter>General</Filter>
    </ClCompile>
    <ClCompile Include="SystemsAndTools\GameObject2D.cpp">
      <Filter>General</Filter>
    </ClCompile>
    <ClCompile Include="SystemsAndTools\Scene2D.cpp">
      <Filter>General</Filter>
    </ClCompile>
    <ClCompile Include="SystemsAndTools\Renderable2D.cpp">
      <Filter>General</Filter>
    </ClCompile>
    <ClCompile Include="SystemsAndTools\Transform2D.cpp">
      <Filter>General</Filter>
    </ClCompile>
  </ItemGroup>
  <ItemGroup>
    <ClInclude Include="Main\EngineBuildPreferences.hpp">
      <Filter>General</Filter>
    </ClInclude>
    <ClInclude Include="Main\Game.hpp">
      <Filter>General</Filter>
    </ClInclude>
    <ClInclude Include="Main\GameCommon.hpp">
      <Filter>General</Filter>
    </ClInclude>
    <ClInclude Include="Main\TheApp.hpp">
      <Filter>General</Filter>
    </ClInclude>
    <ClInclude Include="GameStates\Attract.hpp">
      <Filter>General</Filter>
    </ClInclude>
    <ClInclude Include="GameStates\Playing.hpp">
      <Filter>General</Filter>
    </ClInclude>
    <ClInclude Include="General\Tiles\Tile.hpp" />
    <ClInclude Include="General\Tiles\TileDefinition.hpp" />
    <ClInclude Include="SystemsAndTools\SpriteRendering.hpp" />
    <ClInclude Include="SystemsAndTools\Transform2D.hpp" />
    <ClInclude Include="SystemsAndTools\Renderable2D.hpp" />
    <ClInclude Include="SystemsAndTools\Scene2D.hpp" />
    <ClInclude Include="SystemsAndTools\GameObject2D.hpp" />
  </ItemGroup>
</Project>