<?xml version="1.0" encoding="utf-8"?>
<Project ToolsVersion="4.0" xmlns="http://schemas.microsoft.com/developer/msbuild/2003">
  <ItemGroup>
    <Filter Include="General">
      <UniqueIdentifier>{4FC737F1-C7A5-4376-A066-2A32D752A2FF}</UniqueIdentifier>
      <Extensions>cpp;c;cc;cxx;def;odl;idl;hpj;bat;asm;asmx</Extensions>
    </Filter>
    <Filter Include="Math">
      <UniqueIdentifier>{7f838690-1bde-4997-b71d-3d4d6f194ecd}</UniqueIdentifier>
    </Filter>
    <Filter Include="Renderer">
      <UniqueIdentifier>{f6b99187-7125-4a88-ab59-bb80d82e8f3a}</UniqueIdentifier>
    </Filter>
    <Filter Include="Input">
      <UniqueIdentifier>{74680f8d-beb7-4d88-b225-c7a40a62f350}</UniqueIdentifier>
    </Filter>
    <Filter Include="Audio">
      <UniqueIdentifier>{8362e854-6256-46e4-9f82-87b8497b5171}</UniqueIdentifier>
    </Filter>
  </ItemGroup>
  <ItemGroup>
    <ClCompile Include="Math\MathUtils.cpp">
      <Filter>Math</Filter>
    </ClCompile>
    <ClCompile Include="Renderer\Renderer.cpp">
      <Filter>Renderer</Filter>
    </ClCompile>
    <ClCompile Include="Input\InputSystem.cpp">
      <Filter>Input</Filter>
    </ClCompile>
    <ClCompile Include="Input\XboxController.cpp">
      <Filter>Input</Filter>
    </ClCompile>
    <ClCompile Include="Audio\AudioSystem.cpp">
      <Filter>Audio</Filter>
    </ClCompile>
    <ClCompile Include="..\ThirdParty\tinyxml\tinyxml2.cpp">
      <Filter>General</Filter>
    </ClCompile>
    <ClCompile Include="..\ThirdParty\SquirrelNoise\RawNoise.cpp">
      <Filter>General</Filter>
    </ClCompile>
    <ClCompile Include="..\ThirdParty\SquirrelNoise\SmoothNoise.cpp">
      <Filter>General</Filter>
    </ClCompile>
    <ClCompile Include="Math\CubicSpline.cpp">
      <Filter>General</Filter>
    </ClCompile>
    <ClCompile Include="Renderer\glfunctions.cpp">
      <Filter>General</Filter>
    </ClCompile>
    <ClCompile Include="..\ThirdParty\stbi\stb_image_write.cpp">
      <Filter>General</Filter>
    </ClCompile>
    <ClCompile Include="Math\Trajectory.cpp">
      <Filter>General</Filter>
    </ClCompile>
    <ClCompile Include="Input\Mouse.cpp">
      <Filter>General</Filter>
    </ClCompile>
    <ClCompile Include="Renderer\RendererTypes.cpp">
      <Filter>General</Filter>
    </ClCompile>
    <ClCompile Include="..\ThirdParty\MikkT\mikktspace.c">
      <Filter>General</Filter>
    </ClCompile>
    <ClCompile Include="Math\Quaternion.cpp">
      <Filter>General</Filter>
    </ClCompile>
    <ClCompile Include="Renderer\BuiltInShader.cpp">
      <Filter>General</Filter>
    </ClCompile>
    <ClCompile Include="Core\General\Blackboard.cpp">
      <Filter>General</Filter>
    </ClCompile>
    <ClCompile Include="Core\Utils\StringUtils.cpp">
      <Filter>General</Filter>
    </ClCompile>
    <ClCompile Include="Core\Utils\XmlUtilities.cpp">
      <Filter>General</Filter>
    </ClCompile>
    <ClCompile Include="Core\Platform\File.cpp">
      <Filter>General</Filter>
    </ClCompile>
    <ClCompile Include="Core\Platform\Time.cpp">
      <Filter>General</Filter>
    </ClCompile>
    <ClCompile Include="Core\Platform\Window.cpp">
      <Filter>General</Filter>
    </ClCompile>
    <ClCompile Include="Core\Tools\Clock.cpp">
      <Filter>General</Filter>
    </ClCompile>
    <ClCompile Include="Core\Tools\Command.cpp">
      <Filter>General</Filter>
    </ClCompile>
    <ClCompile Include="Core\Tools\DevConsole.cpp">
      <Filter>General</Filter>
    </ClCompile>
    <ClCompile Include="Core\Tools\ErrorWarningAssert.cpp">
      <Filter>General</Filter>
    </ClCompile>
    <ClCompile Include="Core\Tools\Stopwatch.cpp">
      <Filter>General</Filter>
    </ClCompile>
    <ClCompile Include="Core\General\Camera.cpp">
      <Filter>General</Filter>
    </ClCompile>
    <ClCompile Include="Core\General\EngineCommon.cpp">
      <Filter>General</Filter>
    </ClCompile>
    <ClCompile Include="Core\General\HeatMap.cpp">
      <Filter>General</Filter>
    </ClCompile>
    <ClCompile Include="Core\General\Rgba.cpp">
      <Filter>General</Filter>
    </ClCompile>
    <ClCompile Include="Core\General\Transform.cpp">
      <Filter>General</Filter>
    </ClCompile>
    <ClCompile Include="Math\Vectors\IntVector2.cpp">
      <Filter>General</Filter>
    </ClCompile>
    <ClCompile Include="Math\Vectors\IntVector3.cpp">
      <Filter>General</Filter>
    </ClCompile>
    <ClCompile Include="Math\Vectors\Vector2.cpp">
      <Filter>General</Filter>
    </ClCompile>
    <ClCompile Include="Math\Vectors\Vector3.cpp">
      <Filter>General</Filter>
    </ClCompile>
    <ClCompile Include="Math\Vectors\Vector4.cpp">
      <Filter>General</Filter>
    </ClCompile>
    <ClCompile Include="Math\Geometry\AABB2.cpp">
      <Filter>General</Filter>
    </ClCompile>
    <ClCompile Include="Math\Geometry\AABB3.cpp">
      <Filter>General</Filter>
    </ClCompile>
    <ClCompile Include="Math\Geometry\Disc2.cpp">
      <Filter>General</Filter>
    </ClCompile>
    <ClCompile Include="Math\Ranges\FloatRange.cpp">
      <Filter>General</Filter>
    </ClCompile>
    <ClCompile Include="Math\Ranges\IntRange.cpp">
      <Filter>General</Filter>
    </ClCompile>
    <ClCompile Include="Math\Matrices\Matrix33.cpp">
      <Filter>General</Filter>
    </ClCompile>
    <ClCompile Include="Math\Matrices\Matrix44.cpp">
      <Filter>General</Filter>
    </ClCompile>
    <ClCompile Include="Renderer\Images\Sprites\Sprite.cpp">
      <Filter>General</Filter>
    </ClCompile>
    <ClCompile Include="Renderer\Images\Sprites\SpriteAnimation.cpp">
      <Filter>General</Filter>
    </ClCompile>
    <ClCompile Include="Renderer\Images\Sprites\SpriteAnimationDefinition.cpp">
      <Filter>General</Filter>
    </ClCompile>
    <ClCompile Include="Renderer\Images\Sprites\SpriteAnimationSet.cpp">
      <Filter>General</Filter>
    </ClCompile>
    <ClCompile Include="Renderer\Images\Sprites\SpriteAnimSetDefinition.cpp">
      <Filter>General</Filter>
    </ClCompile>
    <ClCompile Include="Renderer\Images\Sprites\SpriteSheet.cpp">
      <Filter>General</Filter>
    </ClCompile>
    <ClCompile Include="Renderer\Images\Textures\Texture.cpp">
      <Filter>General</Filter>
    </ClCompile>
    <ClCompile Include="Renderer\Images\Textures\TextureCube.cpp">
      <Filter>General</Filter>
    </ClCompile>
    <ClCompile Include="Renderer\Images\Image.cpp">
      <Filter>General</Filter>
    </ClCompile>
    <ClCompile Include="Renderer\Images\Fonts\BitmapFont.cpp">
      <Filter>General</Filter>
    </ClCompile>
    <ClCompile Include="Renderer\Systems\DebugRenderSystem.cpp">
      <Filter>General</Filter>
    </ClCompile>
    <ClCompile Include="Renderer\Systems\ForwardRenderingPath.cpp">
      <Filter>General</Filter>
    </ClCompile>
    <ClCompile Include="Renderer\Systems\Lights.cpp">
      <Filter>General</Filter>
    </ClCompile>
    <ClCompile Include="Renderer\Systems\ParticleEmitter.cpp">
      <Filter>General</Filter>
    </ClCompile>
    <ClCompile Include="Renderer\Systems\Scene.cpp">
      <Filter>General</Filter>
    </ClCompile>
    <ClCompile Include="Renderer\Pipeline\FrameBuffer.cpp">
      <Filter>General</Filter>
    </ClCompile>
    <ClCompile Include="Renderer\Pipeline\renderbuffer.cpp">
      <Filter>General</Filter>
    </ClCompile>
    <ClCompile Include="Renderer\Pipeline\Sampler.cpp">
      <Filter>General</Filter>
    </ClCompile>
    <ClCompile Include="Renderer\Pipeline\VertexLayout.cpp">
      <Filter>General</Filter>
    </ClCompile>
    <ClCompile Include="Renderer\RenderableComponents\Material.cpp">
      <Filter>General</Filter>
    </ClCompile>
    <ClCompile Include="Renderer\RenderableComponents\Mesh.cpp">
      <Filter>General</Filter>
    </ClCompile>
    <ClCompile Include="Renderer\RenderableComponents\Renderable.cpp">
      <Filter>General</Filter>
    </ClCompile>
    <ClCompile Include="Renderer\RenderableComponents\Shader.cpp">
      <Filter>General</Filter>
    </ClCompile>
    <ClCompile Include="Renderer\RenderableComponents\shaderprogram.cpp">
      <Filter>General</Filter>
    </ClCompile>
    <ClCompile Include="Renderer\external\stbi\stb_image.c">
      <Filter>General</Filter>
    </ClCompile>
    <ClCompile Include="Renderer\Systems\MeshBuilder.cpp">
      <Filter>General</Filter>
    </ClCompile>
  </ItemGroup>
  <ItemGroup>
    <ClInclude Include="Math\MathUtils.hpp">
      <Filter>Math</Filter>
    </ClInclude>
    <ClInclude Include="Renderer\Renderer.hpp">
      <Filter>Renderer</Filter>
    </ClInclude>
    <ClInclude Include="Input\InputSystem.hpp">
      <Filter>Input</Filter>
    </ClInclude>
    <ClInclude Include="Input\XboxController.hpp">
      <Filter>Input</Filter>
    </ClInclude>
    <ClInclude Include="Audio\AudioSystem.hpp">
      <Filter>Audio</Filter>
    </ClInclude>
    <ClInclude Include="..\ThirdParty\fmod\fmod.h">
      <Filter>Audio</Filter>
    </ClInclude>
    <ClInclude Include="..\ThirdParty\fmod\fmod.hpp">
      <Filter>Audio</Filter>
    </ClInclude>
    <ClInclude Include="..\ThirdParty\fmod\fmod_codec.h">
      <Filter>Audio</Filter>
    </ClInclude>
    <ClInclude Include="..\ThirdParty\fmod\fmod_common.h">
      <Filter>Audio</Filter>
    </ClInclude>
    <ClInclude Include="..\ThirdParty\fmod\fmod_dsp.h">
      <Filter>Audio</Filter>
    </ClInclude>
    <ClInclude Include="..\ThirdParty\fmod\fmod_dsp_effects.h">
      <Filter>Audio</Filter>
    </ClInclude>
    <ClInclude Include="..\ThirdParty\fmod\fmod_errors.h">
      <Filter>Audio</Filter>
    </ClInclude>
    <ClInclude Include="..\ThirdParty\fmod\fmod_output.h">
      <Filter>Audio</Filter>
    </ClInclude>
    <ClInclude Include="..\ThirdParty\tinyxml\tinyxml2.h">
      <Filter>General</Filter>
    </ClInclude>
    <ClInclude Include="..\ThirdParty\SquirrelNoise\RawNoise.hpp" />
    <ClInclude Include="..\ThirdParty\SquirrelNoise\SmoothNoise.hpp" />
    <ClInclude Include="Math\CubicSpline.hpp" />
    <ClInclude Include="Renderer\external\gl\glcorearb.h" />
    <ClInclude Include="Renderer\external\gl\glext.h" />
    <ClInclude Include="Renderer\external\gl\wglext.h" />
    <ClInclude Include="Renderer\glfunctions.h" />
    <ClInclude Include="..\ThirdParty\stbi\stb_image_write.h" />
    <ClInclude Include="Math\Trajectory.hpp" />
    <ClInclude Include="Input\Mouse.hpp" />
    <ClInclude Include="Renderer\RendererTypes.hpp" />
    <ClInclude Include="..\ThirdParty\MikkT\mikktspace.h" />
    <ClInclude Include="Math\Quaternion.hpp" />
    <ClInclude Include="Renderer\BuiltInShader.hpp" />
    <ClInclude Include="Core\General\Blackboard.hpp" />
    <ClInclude Include="Core\Utils\StringUtils.hpp" />
    <ClInclude Include="Core\Utils\XmlUtilities.hpp" />
    <ClInclude Include="Core\Platform\File.hpp" />
    <ClInclude Include="Core\Platform\Time.hpp" />
    <ClInclude Include="Core\Platform\Window.hpp" />
    <ClInclude Include="Core\Tools\Clock.hpp" />
    <ClInclude Include="Core\Tools\Command.hpp" />
    <ClInclude Include="Core\Tools\DevConsole.hpp" />
    <ClInclude Include="Core\Tools\ErrorWarningAssert.hpp" />
    <ClInclude Include="Core\Tools\Stopwatch.hpp" />
    <ClInclude Include="Core\General\Camera.hpp" />
    <ClInclude Include="Core\General\EngineCommon.hpp" />
    <ClInclude Include="Core\General\HeatMap.hpp" />
    <ClInclude Include="Core\General\Rgba.hpp" />
    <ClInclude Include="Core\General\Transform.hpp" />
    <ClInclude Include="Math\Vectors\IntVector2.hpp" />
    <ClInclude Include="Math\Vectors\IntVector3.hpp" />
    <ClInclude Include="Math\Vectors\Vector2.hpp" />
    <ClInclude Include="Math\Vectors\Vector3.hpp" />
    <ClInclude Include="Math\Vectors\Vector4.hpp" />
    <ClInclude Include="Math\Geometry\AABB2.hpp" />
    <ClInclude Include="Math\Geometry\AABB3.hpp" />
    <ClInclude Include="Math\Geometry\Disc2.hpp" />
    <ClInclude Include="Math\Ranges\FloatRange.hpp" />
    <ClInclude Include="Math\Ranges\IntRange.hpp" />
    <ClInclude Include="Math\Matrices\Matrix33.hpp" />
    <ClInclude Include="Math\Matrices\Matrix44.hpp" />
    <ClInclude Include="Renderer\Images\Sprites\Sprite.hpp" />
    <ClInclude Include="Renderer\Images\Sprites\SpriteAnimation.hpp" />
    <ClInclude Include="Renderer\Images\Sprites\SpriteAnimationDefinition.hpp" />
    <ClInclude Include="Renderer\Images\Sprites\SpriteAnimationSet.hpp" />
    <ClInclude Include="Renderer\Images\Sprites\SpriteAnimSetDefinition.hpp" />
    <ClInclude Include="Renderer\Images\Sprites\SpriteSheet.hpp" />
    <ClInclude Include="Renderer\Images\Textures\Texture.hpp" />
    <ClInclude Include="Renderer\Images\Textures\TextureCube.hpp" />
    <ClInclude Include="Renderer\Images\Image.hpp" />
    <ClInclude Include="Renderer\Images\Fonts\BitmapFont.hpp" />
    <ClInclude Include="Renderer\Systems\DebugRenderSystem.hpp" />
    <ClInclude Include="Renderer\Systems\ForwardRenderingPath.hpp" />
    <ClInclude Include="Renderer\Systems\Lights.hpp" />
    <ClInclude Include="Renderer\Systems\ParticleEmitter.hpp" />
    <ClInclude Include="Renderer\Systems\Scene.hpp" />
    <ClInclude Include="Renderer\Pipeline\FrameBuffer.hpp" />
    <ClInclude Include="Renderer\Pipeline\renderbuffer.hpp" />
    <ClInclude Include="Renderer\Pipeline\Sampler.hpp" />
    <ClInclude Include="Renderer\Pipeline\VertexLayout.hpp" />
    <ClInclude Include="Renderer\RenderableComponents\Material.hpp" />
    <ClInclude Include="Renderer\RenderableComponents\Mesh.hpp" />
    <ClInclude Include="Renderer\RenderableComponents\Renderable.hpp" />
    <ClInclude Include="Renderer\RenderableComponents\Shader.hpp" />
    <ClInclude Include="Renderer\RenderableComponents\shaderprogram.hpp" />
    <ClInclude Include="Renderer\external\stbi\stb_image.h" />
    <ClInclude Include="Renderer\Systems\MeshBuilder.hpp" />
  </ItemGroup>
</Project>